# THIS IS AN AUTOGENERATED FILE. DO NOT EDIT THIS FILE DIRECTLY.
# yarn lockfile v1


"@jimizai/decorators@^1.1.12":
  version "1.1.12"
  resolved "https://registry.nlark.com/@jimizai/decorators/download/@jimizai/decorators-1.1.12.tgz#47ba008167f0b1e1acb4f6d642729cd3dea5b6c3"
  integrity sha1-R7oAgWfwseGstPbWQnKc096ltsM=
  dependencies:
    debug "^4.3.1"

"@jimizai/driver-types@^1.0.4":
  version "1.0.4"
  resolved "https://registry.nlark.com/@jimizai/driver-types/download/@jimizai/driver-types-1.0.4.tgz#f8d45a07a64fd7ff534dece99cb85108e56c4b7c"
  integrity sha1-+NRaB6ZP1/9TTezpnLhRCOVsS3w=

"@types/arangodb@^3.5.12":
  version "3.5.12"
  resolved "https://registry.nlark.com/@types/arangodb/download/@types/arangodb-3.5.12.tgz#2d25f73c8fda6be52a1ed56a6a40223504a69c98"
  integrity sha1-LSX3PI/aa+UqHtVqakAiNQSmnJg=
  dependencies:
    "@types/node" "*"

"@types/node@*", "@types/node@^15.12.4":
  version "15.12.4"
  resolved "https://registry.nlark.com/@types/node/download/@types/node-15.12.4.tgz?cache=0&sync_timestamp=1624050240954&other_urls=https%3A%2F%2Fregistry.nlark.com%2F%40types%2Fnode%2Fdownload%2F%40types%2Fnode-15.12.4.tgz#e1cf817d70a1e118e81922c4ff6683ce9d422e26"
  integrity sha1-4c+BfXCh4RjoGSLE/2aDzp1CLiY=

debug@^4.3.1:
  version "4.3.1"
  resolved "https://registry.npm.taobao.org/debug/download/debug-4.3.1.tgz?cache=0&sync_timestamp=1607566571506&other_urls=https%3A%2F%2Fregistry.npm.taobao.org%2Fdebug%2Fdownload%2Fdebug-4.3.1.tgz#f0d229c505e0c6d8c49ac553d1b13dc183f6b2ee"
  integrity sha1-8NIpxQXgxtjEmsVT0bE9wYP2su4=
  dependencies:
    ms "2.1.2"

ms@2.1.2:
  version "2.1.2"
  resolved "https://registry.npm.taobao.org/ms/download/ms-2.1.2.tgz?cache=0&sync_timestamp=1607433872491&other_urls=https%3A%2F%2Fregistry.npm.taobao.org%2Fms%2Fdownload%2Fms-2.1.2.tgz#d09d1f357b443f493382a8eb3ccd183872ae6009"
  integrity sha1-0J0fNXtEP0kzgqjrPM0YOHKuYAk=

typescript@^4.3.4:
  version "4.3.4"
  resolved "https://registry.nlark.com/typescript/download/typescript-4.3.4.tgz#3f85b986945bcf31071decdd96cf8bfa65f9dcbc"
  integrity sha1-P4W5hpRbzzEHHezdls+L+mX53Lw=
